
Microsoft Visual Studio Solution File, Format Version 12.00
# Visual Studio Version 17
VisualStudioVersion = 17.11.35303.130
MinimumVisualStudioVersion = 10.0.40219.1
Project("{9A19103F-16F7-4668-BE54-9A1E7A4F7556}") = "ListaAfazeres", "ToDoList\ListaAfazeres.csproj", "{1BF0E3E1-4F4D-49FF-811F-BF2EADF389B1}"
EndProject
Global
	GlobalSection(SolutionConfigurationPlatforms) = preSolution
		Debug|Any CPU = Debug|Any CPU
		Release|Any CPU = Release|Any CPU
	EndGlobalSection
	GlobalSection(ProjectConfigurationPlatforms) = postSolution
		{1BF0E3E1-4F4D-49FF-811F-BF2EADF389B1}.Debug|Any CPU.ActiveCfg = Debug|Any CPU
		{1BF0E3E1-4F4D-49FF-811F-BF2EADF389B1}.Debug|Any CPU.Build.0 = Debug|Any CPU
		{1BF0E3E1-4F4D-49FF-811F-BF2EADF389B1}.Release|Any CPU.ActiveCfg = Release|Any CPU
		{1BF0E3E1-4F4D-49FF-811F-BF2EADF389B1}.Release|Any CPU.Build.0 = Release|Any CPU
	EndGlobalSection
	GlobalSection(SolutionProperties) = preSolution
		HideSolutionNode = FALSE
	EndGlobalSection
	GlobalSection(ExtensibilityGlobals) = postSolution
		SolutionGuid = {97D57E73-D998-40F0-8D10-618C7604D7C6}
	EndGlobalSection
EndGlobal
